{
  "version": 4,
  "terraform_version": "1.10.3",
  "serial": 93,
  "lineage": "ddd248f3-f21b-f3f9-f904-b964246923bd",
  "outputs": {
    "cluster_id": {
      "value": "javaspring-cluster",
      "type": "string"
    },
    "node_group_id": {
      "value": "javaspring-cluster:javaspring-node-group",
      "type": "string"
    },
    "subnet_ids": {
      "value": [
        "subnet-0a81d9b7758bb8beb",
        "subnet-05b01a5fe84b19265"
      ],
      "type": [
        "tuple",
        [
          "string",
          "string"
        ]
      ]
    },
    "vpc_id": {
      "value": "vpc-0b80f80418fa7a6fc",
      "type": "string"
    }
  },
  "resources": [
    {
      "mode": "managed",
      "type": "aws_eks_cluster",
      "name": "javaspring",
      "provider": "provider[\"registry.terraform.io/hashicorp/aws\"]",
      "instances": [
        {
          "schema_version": 1,
          "attributes": {
            "access_config": [
              {
                "authentication_mode": "CONFIG_MAP",
                "bootstrap_cluster_creator_admin_permissions": true
              }
            ],
            "arn": "arn:aws:eks:ap-south-1:396608789548:cluster/javaspring-cluster",
            "bootstrap_self_managed_addons": true,
            "certificate_authority": [
              {
                "data": "LS0tLS1CRUdJTiBDRVJUSUZJQ0FURS0tLS0tCk1JSURCVENDQWUyZ0F3SUJBZ0lJTzBmbCttTDhPMll3RFFZSktvWklodmNOQVFFTEJRQXdGVEVUTUJFR0ExVUUKQXhNS2EzVmlaWEp1WlhSbGN6QWVGdzB5TkRFeU1qRXhNRFU0TURaYUZ3MHpOREV5TVRreE1UQXpNRFphTUJVeApFekFSQmdOVkJBTVRDbXQxWW1WeWJtVjBaWE13Z2dFaU1BMEdDU3FHU0liM0RRRUJBUVVBQTRJQkR3QXdnZ0VLCkFvSUJBUUM2MVVaUUVONkk1c2k0MEJDdFdScUtFZUlibnV4REYxM1B1dFpiaER5T1BJRG5aTkRxbFdvNzVBVXYKVExoQk9mOWhSVXR0b0ticUFTOGZNaFVZdWtobmpQRzFyOUdUbXdVbDBoWEsxbUFrL0QxdC9xY0lYdGlEOVYzcQprY3IyTzZiWWxPVFhhRlJjelNsU1VtcTZFUmM0TG1OQ3dGM2tRZklXSyt5VVV4UXhHQ2tyeUVaNnUwZHVBQkV1CjFyTWRwcHdrRnhZVk1WTVlDSzlxS0ZLNW1Wd2Z6OWV5Nm5GVmtESlhxNEJWTHlSODh1bVFUV3BTTVNLempXdWwKSXIraGQ1MFQvb3FJMmk0dFZPeEZsYlQyVXl1M25VQ2lMM1JUWHZGY3hNWmJkMWZZSHdZRDU1ZkViQjZLYVl4Vgo1aVZKZ2dZWm44RWxWbXJxNlh0ZFR4dFdKZjI1QWdNQkFBR2pXVEJYTUE0R0ExVWREd0VCL3dRRUF3SUNwREFQCkJnTlZIUk1CQWY4RUJUQURBUUgvTUIwR0ExVWREZ1FXQkJROXJxdkdWVnlXU1NiL3p4ZHp2cFdBcStyOUh6QVYKQmdOVkhSRUVEakFNZ2dwcmRXSmxjbTVsZEdWek1BMEdDU3FHU0liM0RRRUJDd1VBQTRJQkFRQUZBNm9sWlZDRgp4aTJsbUFPREhBOUZ4SXFkUWpzekFaNTEzMWtiVk8rdi9MenFUcUp1NVhOQ2g0bk1LRXJwTnFlbWdsS1VkWEpJClcyTWpBWUM5VVdqaG9lSUIzUGxzeUZDYXlLaGl2TWtLMVY3cGJyQmVEUkpLVEdXUURvYjVwenpBWnFMdWR3UWkKWVJnK29PdUhsdGx0SGpwTmxkRkJibVJ4eE8yYUk4MzBzMUhrYWF4b3FLbmk3VVpYL3RxSTJkaW1zTjFQZm5ISgpBalRUd0k1R3ZMekhtWFdMS2xaNXV0Wkwzd1JnanFlSC9sL2JYNkpUQmk4VlIrWjI0QU9QZ0x3cHArSFJPM0tZClR4T0xkVDJHUllHK2VaV2pjcnRqTUxzVW4xMHB5T1lDYkc2S1FXMWJxMk5HZTBzY3hRVEFRdVlzWFZqZnVBM0wKeVhReEw3RFlxaU54Ci0tLS0tRU5EIENFUlRJRklDQVRFLS0tLS0K"
              }
            ],
            "cluster_id": null,
            "compute_config": [],
            "created_at": "2024-12-21T10:58:39Z",
            "enabled_cluster_log_types": null,
            "encryption_config": [],
            "endpoint": "https://AEF8ADB4A768E616AD23CA66850A05F0.gr7.ap-south-1.eks.amazonaws.com",
            "id": "javaspring-cluster",
            "identity": [
              {
                "oidc": [
                  {
                    "issuer": "https://oidc.eks.ap-south-1.amazonaws.com/id/AEF8ADB4A768E616AD23CA66850A05F0"
                  }
                ]
              }
            ],
            "kubernetes_network_config": [
              {
                "elastic_load_balancing": [
                  {
                    "enabled": false
                  }
                ],
                "ip_family": "ipv4",
                "service_ipv4_cidr": "172.20.0.0/16",
                "service_ipv6_cidr": ""
              }
            ],
            "name": "javaspring-cluster",
            "outpost_config": [],
            "platform_version": "eks.15",
            "remote_network_config": [],
            "role_arn": "arn:aws:iam::396608789548:role/javaspring-cluster-role",
            "status": "ACTIVE",
            "storage_config": [],
            "tags": null,
            "tags_all": {},
            "timeouts": null,
            "upgrade_policy": [
              {
                "support_type": "EXTENDED"
              }
            ],
            "version": "1.31",
            "vpc_config": [
              {
                "cluster_security_group_id": "sg-028358e0a88cf3d95",
                "endpoint_private_access": false,
                "endpoint_public_access": true,
                "public_access_cidrs": [
                  "0.0.0.0/0"
                ],
                "security_group_ids": [
                  "sg-0e0700e3bb9154f44"
                ],
                "subnet_ids": [
                  "subnet-05b01a5fe84b19265",
                  "subnet-0a81d9b7758bb8beb"
                ],
                "vpc_id": "vpc-0b80f80418fa7a6fc"
              }
            ],
            "zonal_shift_config": []
          },
          "sensitive_attributes": [],
          "private": "eyJlMmJmYjczMC1lY2FhLTExZTYtOGY4OC0zNDM2M2JjN2M0YzAiOnsiY3JlYXRlIjoxODAwMDAwMDAwMDAwLCJkZWxldGUiOjkwMDAwMDAwMDAwMCwidXBkYXRlIjozNjAwMDAwMDAwMDAwfSwic2NoZW1hX3ZlcnNpb24iOiIxIn0=",
          "dependencies": [
            "aws_iam_role.javaspring_cluster_role",
            "aws_security_group.javaspring_cluster_sg",
            "aws_subnet.javaspring_subnet",
            "aws_vpc.javaspring_vpc"
          ]
        }
      ]
    },
    {
      "mode": "managed",
      "type": "aws_eks_node_group",
      "name": "javaspring",
      "provider": "provider[\"registry.terraform.io/hashicorp/aws\"]",
      "instances": [
        {
          "schema_version": 0,
          "attributes": {
            "ami_type": "AL2023_x86_64_STANDARD",
            "arn": "arn:aws:eks:ap-south-1:396608789548:nodegroup/javaspring-cluster/javaspring-node-group/0ec9f473-0282-bfed-bf2e-71ca78f8a4b6",
            "capacity_type": "ON_DEMAND",
            "cluster_name": "javaspring-cluster",
            "disk_size": 20,
            "force_update_version": null,
            "id": "javaspring-cluster:javaspring-node-group",
            "instance_types": [
              "t3.medium"
            ],
            "labels": null,
            "launch_template": [],
            "node_group_name": "javaspring-node-group",
            "node_group_name_prefix": "",
            "node_role_arn": "arn:aws:iam::396608789548:role/javaspring-node-group-role",
            "release_version": "1.31.3-20241213",
            "remote_access": [
              {
                "ec2_ssh_key": "Java-Spring-App",
                "source_security_group_ids": [
                  "sg-0ec1124c75f6412da"
                ]
              }
            ],
            "resources": [
              {
                "autoscaling_groups": [
                  {
                    "name": "eks-javaspring-node-group-0ec9f473-0282-bfed-bf2e-71ca78f8a4b6"
                  }
                ],
                "remote_access_security_group_id": "sg-0bfdc3d404ef05728"
              }
            ],
            "scaling_config": [
              {
                "desired_size": 2,
                "max_size": 3,
                "min_size": 1
              }
            ],
            "status": "ACTIVE",
            "subnet_ids": [
              "subnet-05b01a5fe84b19265",
              "subnet-0a81d9b7758bb8beb"
            ],
            "tags": null,
            "tags_all": {},
            "taint": [],
            "timeouts": null,
            "update_config": [
              {
                "max_unavailable": 1,
                "max_unavailable_percentage": 0
              }
            ],
            "version": "1.31"
          },
          "sensitive_attributes": [],
          "private": "eyJlMmJmYjczMC1lY2FhLTExZTYtOGY4OC0zNDM2M2JjN2M0YzAiOnsiY3JlYXRlIjozNjAwMDAwMDAwMDAwLCJkZWxldGUiOjM2MDAwMDAwMDAwMDAsInVwZGF0ZSI6MzYwMDAwMDAwMDAwMH19",
          "dependencies": [
            "aws_eks_cluster.javaspring",
            "aws_iam_role.javaspring_cluster_role",
            "aws_iam_role.javaspring_node_group_role",
            "aws_security_group.javaspring_cluster_sg",
            "aws_security_group.javaspring_node_sg",
            "aws_subnet.javaspring_subnet",
            "aws_vpc.javaspring_vpc"
          ]
        }
      ]
    },
    {
      "mode": "managed",
      "type": "aws_iam_role",
      "name": "javaspring_cluster_role",
      "provider": "provider[\"registry.terraform.io/hashicorp/aws\"]",
      "instances": [
        {
          "schema_version": 0,
          "attributes": {
            "arn": "arn:aws:iam::396608789548:role/javaspring-cluster-role",
            "assume_role_policy": "{\"Statement\":[{\"Action\":\"sts:AssumeRole\",\"Effect\":\"Allow\",\"Principal\":{\"Service\":\"eks.amazonaws.com\"}}],\"Version\":\"2012-10-17\"}",
            "create_date": "2024-12-21T10:58:26Z",
            "description": "",
            "force_detach_policies": false,
            "id": "javaspring-cluster-role",
            "inline_policy": [],
            "managed_policy_arns": [],
            "max_session_duration": 3600,
            "name": "javaspring-cluster-role",
            "name_prefix": "",
            "path": "/",
            "permissions_boundary": "",
            "tags": null,
            "tags_all": {},
            "unique_id": "AROAVYV5Z3QWNGNNIV5MX"
          },
          "sensitive_attributes": [],
          "private": "bnVsbA=="
        }
      ]
    },
    {
      "mode": "managed",
      "type": "aws_iam_role",
      "name": "javaspring_node_group_role",
      "provider": "provider[\"registry.terraform.io/hashicorp/aws\"]",
      "instances": [
        {
          "schema_version": 0,
          "attributes": {
            "arn": "arn:aws:iam::396608789548:role/javaspring-node-group-role",
            "assume_role_policy": "{\"Statement\":[{\"Action\":\"sts:AssumeRole\",\"Effect\":\"Allow\",\"Principal\":{\"Service\":\"ec2.amazonaws.com\"}}],\"Version\":\"2012-10-17\"}",
            "create_date": "2024-12-21T10:58:26Z",
            "description": "",
            "force_detach_policies": false,
            "id": "javaspring-node-group-role",
            "inline_policy": [],
            "managed_policy_arns": [],
            "max_session_duration": 3600,
            "name": "javaspring-node-group-role",
            "name_prefix": "",
            "path": "/",
            "permissions_boundary": "",
            "tags": null,
            "tags_all": {},
            "unique_id": "AROAVYV5Z3QWFZFF2KU5K"
          },
          "sensitive_attributes": [],
          "private": "bnVsbA=="
        }
      ]
    },
    {
      "mode": "managed",
      "type": "aws_iam_role_policy_attachment",
      "name": "javaspring_cluster_role_policy",
      "provider": "provider[\"registry.terraform.io/hashicorp/aws\"]",
      "instances": [
        {
          "schema_version": 0,
          "attributes": {
            "id": "javaspring-cluster-role-20241221105827822900000007",
            "policy_arn": "arn:aws:iam::aws:policy/AmazonEKSClusterPolicy",
            "role": "javaspring-cluster-role"
          },
          "sensitive_attributes": [],
          "private": "bnVsbA==",
          "dependencies": [
            "aws_iam_role.javaspring_cluster_role"
          ]
        }
      ]
    },
    {
      "mode": "managed",
      "type": "aws_iam_role_policy_attachment",
      "name": "javaspring_node_group_cni_policy",
      "provider": "provider[\"registry.terraform.io/hashicorp/aws\"]",
      "instances": [
        {
          "schema_version": 0,
          "attributes": {
            "id": "javaspring-node-group-role-20241221105827522400000004",
            "policy_arn": "arn:aws:iam::aws:policy/AmazonEKS_CNI_Policy",
            "role": "javaspring-node-group-role"
          },
          "sensitive_attributes": [],
          "private": "bnVsbA==",
          "dependencies": [
            "aws_iam_role.javaspring_node_group_role"
          ]
        }
      ]
    },
    {
      "mode": "managed",
      "type": "aws_iam_role_policy_attachment",
      "name": "javaspring_node_group_registry_policy",
      "provider": "provider[\"registry.terraform.io/hashicorp/aws\"]",
      "instances": [
        {
          "schema_version": 0,
          "attributes": {
            "id": "javaspring-node-group-role-20241221105827567100000005",
            "policy_arn": "arn:aws:iam::aws:policy/AmazonEC2ContainerRegistryReadOnly",
            "role": "javaspring-node-group-role"
          },
          "sensitive_attributes": [],
          "private": "bnVsbA==",
          "dependencies": [
            "aws_iam_role.javaspring_node_group_role"
          ]
        }
      ]
    },
    {
      "mode": "managed",
      "type": "aws_iam_role_policy_attachment",
      "name": "javaspring_node_group_role_policy",
      "provider": "provider[\"registry.terraform.io/hashicorp/aws\"]",
      "instances": [
        {
          "schema_version": 0,
          "attributes": {
            "id": "javaspring-node-group-role-20241221105827777700000006",
            "policy_arn": "arn:aws:iam::aws:policy/AmazonEKSWorkerNodePolicy",
            "role": "javaspring-node-group-role"
          },
          "sensitive_attributes": [],
          "private": "bnVsbA==",
          "dependencies": [
            "aws_iam_role.javaspring_node_group_role"
          ]
        }
      ]
    },
    {
      "mode": "managed",
      "type": "aws_internet_gateway",
      "name": "javaspring_igw",
      "provider": "provider[\"registry.terraform.io/hashicorp/aws\"]",
      "instances": [
        {
          "schema_version": 0,
          "attributes": {
            "arn": "arn:aws:ec2:ap-south-1:396608789548:internet-gateway/igw-039419dcb32ef3f77",
            "id": "igw-039419dcb32ef3f77",
            "owner_id": "396608789548",
            "tags": {
              "Name": "javaspring-igw"
            },
            "tags_all": {
              "Name": "javaspring-igw"
            },
            "timeouts": null,
            "vpc_id": "vpc-0b80f80418fa7a6fc"
          },
          "sensitive_attributes": [],
          "private": "eyJlMmJmYjczMC1lY2FhLTExZTYtOGY4OC0zNDM2M2JjN2M0YzAiOnsiY3JlYXRlIjoxMjAwMDAwMDAwMDAwLCJkZWxldGUiOjEyMDAwMDAwMDAwMDAsInVwZGF0ZSI6MTIwMDAwMDAwMDAwMH19",
          "dependencies": [
            "aws_vpc.javaspring_vpc"
          ]
        }
      ]
    },
    {
      "mode": "managed",
      "type": "aws_route_table",
      "name": "javaspring_route_table",
      "provider": "provider[\"registry.terraform.io/hashicorp/aws\"]",
      "instances": [
        {
          "schema_version": 0,
          "attributes": {
            "arn": "arn:aws:ec2:ap-south-1:396608789548:route-table/rtb-0d4dad0a5cd082f5c",
            "id": "rtb-0d4dad0a5cd082f5c",
            "owner_id": "396608789548",
            "propagating_vgws": [],
            "route": [
              {
                "carrier_gateway_id": "",
                "cidr_block": "0.0.0.0/0",
                "core_network_arn": "",
                "destination_prefix_list_id": "",
                "egress_only_gateway_id": "",
                "gateway_id": "igw-039419dcb32ef3f77",
                "ipv6_cidr_block": "",
                "local_gateway_id": "",
                "nat_gateway_id": "",
                "network_interface_id": "",
                "transit_gateway_id": "",
                "vpc_endpoint_id": "",
                "vpc_peering_connection_id": ""
              }
            ],
            "tags": {
              "Name": "javaspring-route-table"
            },
            "tags_all": {
              "Name": "javaspring-route-table"
            },
            "timeouts": null,
            "vpc_id": "vpc-0b80f80418fa7a6fc"
          },
          "sensitive_attributes": [],
          "private": "eyJlMmJmYjczMC1lY2FhLTExZTYtOGY4OC0zNDM2M2JjN2M0YzAiOnsiY3JlYXRlIjozMDAwMDAwMDAwMDAsImRlbGV0ZSI6MzAwMDAwMDAwMDAwLCJ1cGRhdGUiOjEyMDAwMDAwMDAwMH19",
          "dependencies": [
            "aws_internet_gateway.javaspring_igw",
            "aws_vpc.javaspring_vpc"
          ]
        }
      ]
    },
    {
      "mode": "managed",
      "type": "aws_route_table_association",
      "name": "a",
      "provider": "provider[\"registry.terraform.io/hashicorp/aws\"]",
      "instances": [
        {
          "index_key": 0,
          "schema_version": 0,
          "attributes": {
            "gateway_id": "",
            "id": "rtbassoc-0614f1989076f4f0a",
            "route_table_id": "rtb-0d4dad0a5cd082f5c",
            "subnet_id": "subnet-0a81d9b7758bb8beb",
            "timeouts": null
          },
          "sensitive_attributes": [],
          "private": "eyJlMmJmYjczMC1lY2FhLTExZTYtOGY4OC0zNDM2M2JjN2M0YzAiOnsiY3JlYXRlIjozMDAwMDAwMDAwMDAsImRlbGV0ZSI6MzAwMDAwMDAwMDAwLCJ1cGRhdGUiOjEyMDAwMDAwMDAwMH19",
          "dependencies": [
            "aws_internet_gateway.javaspring_igw",
            "aws_route_table.javaspring_route_table",
            "aws_subnet.javaspring_subnet",
            "aws_vpc.javaspring_vpc"
          ]
        },
        {
          "index_key": 1,
          "schema_version": 0,
          "attributes": {
            "gateway_id": "",
            "id": "rtbassoc-044663deec24fdffd",
            "route_table_id": "rtb-0d4dad0a5cd082f5c",
            "subnet_id": "subnet-05b01a5fe84b19265",
            "timeouts": null
          },
          "sensitive_attributes": [],
          "private": "eyJlMmJmYjczMC1lY2FhLTExZTYtOGY4OC0zNDM2M2JjN2M0YzAiOnsiY3JlYXRlIjozMDAwMDAwMDAwMDAsImRlbGV0ZSI6MzAwMDAwMDAwMDAwLCJ1cGRhdGUiOjEyMDAwMDAwMDAwMH19",
          "dependencies": [
            "aws_internet_gateway.javaspring_igw",
            "aws_route_table.javaspring_route_table",
            "aws_subnet.javaspring_subnet",
            "aws_vpc.javaspring_vpc"
          ]
        }
      ]
    },
    {
      "mode": "managed",
      "type": "aws_security_group",
      "name": "javaspring_cluster_sg",
      "provider": "provider[\"registry.terraform.io/hashicorp/aws\"]",
      "instances": [
        {
          "schema_version": 1,
          "attributes": {
            "arn": "arn:aws:ec2:ap-south-1:396608789548:security-group/sg-0e0700e3bb9154f44",
            "description": "Managed by Terraform",
            "egress": [
              {
                "cidr_blocks": [
                  "0.0.0.0/0"
                ],
                "description": "",
                "from_port": 0,
                "ipv6_cidr_blocks": [],
                "prefix_list_ids": [],
                "protocol": "-1",
                "security_groups": [],
                "self": false,
                "to_port": 0
              }
            ],
            "id": "sg-0e0700e3bb9154f44",
            "ingress": [],
            "name": "terraform-20241221105826714400000001",
            "name_prefix": "terraform-",
            "owner_id": "396608789548",
            "revoke_rules_on_delete": false,
            "tags": {
              "Name": "javaspring-cluster-sg"
            },
            "tags_all": {
              "Name": "javaspring-cluster-sg"
            },
            "timeouts": null,
            "vpc_id": "vpc-0b80f80418fa7a6fc"
          },
          "sensitive_attributes": [],
          "private": "eyJlMmJmYjczMC1lY2FhLTExZTYtOGY4OC0zNDM2M2JjN2M0YzAiOnsiY3JlYXRlIjo2MDAwMDAwMDAwMDAsImRlbGV0ZSI6OTAwMDAwMDAwMDAwfSwic2NoZW1hX3ZlcnNpb24iOiIxIn0=",
          "dependencies": [
            "aws_vpc.javaspring_vpc"
          ]
        }
      ]
    },
    {
      "mode": "managed",
      "type": "aws_security_group",
      "name": "javaspring_node_sg",
      "provider": "provider[\"registry.terraform.io/hashicorp/aws\"]",
      "instances": [
        {
          "schema_version": 1,
          "attributes": {
            "arn": "arn:aws:ec2:ap-south-1:396608789548:security-group/sg-0ec1124c75f6412da",
            "description": "Managed by Terraform",
            "egress": [
              {
                "cidr_blocks": [
                  "0.0.0.0/0"
                ],
                "description": "",
                "from_port": 0,
                "ipv6_cidr_blocks": [],
                "prefix_list_ids": [],
                "protocol": "-1",
                "security_groups": [],
                "self": false,
                "to_port": 0
              }
            ],
            "id": "sg-0ec1124c75f6412da",
            "ingress": [
              {
                "cidr_blocks": [
                  "0.0.0.0/0"
                ],
                "description": "",
                "from_port": 0,
                "ipv6_cidr_blocks": [],
                "prefix_list_ids": [],
                "protocol": "-1",
                "security_groups": [],
                "self": false,
                "to_port": 0
              }
            ],
            "name": "terraform-20241221105826717800000002",
            "name_prefix": "terraform-",
            "owner_id": "396608789548",
            "revoke_rules_on_delete": false,
            "tags": {
              "Name": "javaspring-node-sg"
            },
            "tags_all": {
              "Name": "javaspring-node-sg"
            },
            "timeouts": null,
            "vpc_id": "vpc-0b80f80418fa7a6fc"
          },
          "sensitive_attributes": [],
          "private": "eyJlMmJmYjczMC1lY2FhLTExZTYtOGY4OC0zNDM2M2JjN2M0YzAiOnsiY3JlYXRlIjo2MDAwMDAwMDAwMDAsImRlbGV0ZSI6OTAwMDAwMDAwMDAwfSwic2NoZW1hX3ZlcnNpb24iOiIxIn0=",
          "dependencies": [
            "aws_vpc.javaspring_vpc"
          ]
        }
      ]
    },
    {
      "mode": "managed",
      "type": "aws_subnet",
      "name": "javaspring_subnet",
      "provider": "provider[\"registry.terraform.io/hashicorp/aws\"]",
      "instances": [
        {
          "index_key": 0,
          "schema_version": 1,
          "attributes": {
            "arn": "arn:aws:ec2:ap-south-1:396608789548:subnet/subnet-0a81d9b7758bb8beb",
            "assign_ipv6_address_on_creation": false,
            "availability_zone": "ap-south-1a",
            "availability_zone_id": "aps1-az1",
            "cidr_block": "10.0.0.0/24",
            "customer_owned_ipv4_pool": "",
            "enable_dns64": false,
            "enable_lni_at_device_index": 0,
            "enable_resource_name_dns_a_record_on_launch": false,
            "enable_resource_name_dns_aaaa_record_on_launch": false,
            "id": "subnet-0a81d9b7758bb8beb",
            "ipv6_cidr_block": "",
            "ipv6_cidr_block_association_id": "",
            "ipv6_native": false,
            "map_customer_owned_ip_on_launch": false,
            "map_public_ip_on_launch": true,
            "outpost_arn": "",
            "owner_id": "396608789548",
            "private_dns_hostname_type_on_launch": "ip-name",
            "tags": {
              "Name": "javaspring-subnet-0"
            },
            "tags_all": {
              "Name": "javaspring-subnet-0"
            },
            "timeouts": null,
            "vpc_id": "vpc-0b80f80418fa7a6fc"
          },
          "sensitive_attributes": [],
          "private": "eyJlMmJmYjczMC1lY2FhLTExZTYtOGY4OC0zNDM2M2JjN2M0YzAiOnsiY3JlYXRlIjo2MDAwMDAwMDAwMDAsImRlbGV0ZSI6MTIwMDAwMDAwMDAwMH0sInNjaGVtYV92ZXJzaW9uIjoiMSJ9",
          "dependencies": [
            "aws_vpc.javaspring_vpc"
          ]
        },
        {
          "index_key": 1,
          "schema_version": 1,
          "attributes": {
            "arn": "arn:aws:ec2:ap-south-1:396608789548:subnet/subnet-05b01a5fe84b19265",
            "assign_ipv6_address_on_creation": false,
            "availability_zone": "ap-south-1b",
            "availability_zone_id": "aps1-az3",
            "cidr_block": "10.0.1.0/24",
            "customer_owned_ipv4_pool": "",
            "enable_dns64": false,
            "enable_lni_at_device_index": 0,
            "enable_resource_name_dns_a_record_on_launch": false,
            "enable_resource_name_dns_aaaa_record_on_launch": false,
            "id": "subnet-05b01a5fe84b19265",
            "ipv6_cidr_block": "",
            "ipv6_cidr_block_association_id": "",
            "ipv6_native": false,
            "map_customer_owned_ip_on_launch": false,
            "map_public_ip_on_launch": true,
            "outpost_arn": "",
            "owner_id": "396608789548",
            "private_dns_hostname_type_on_launch": "ip-name",
            "tags": {
              "Name": "javaspring-subnet-1"
            },
            "tags_all": {
              "Name": "javaspring-subnet-1"
            },
            "timeouts": null,
            "vpc_id": "vpc-0b80f80418fa7a6fc"
          },
          "sensitive_attributes": [],
          "private": "eyJlMmJmYjczMC1lY2FhLTExZTYtOGY4OC0zNDM2M2JjN2M0YzAiOnsiY3JlYXRlIjo2MDAwMDAwMDAwMDAsImRlbGV0ZSI6MTIwMDAwMDAwMDAwMH0sInNjaGVtYV92ZXJzaW9uIjoiMSJ9",
          "dependencies": [
            "aws_vpc.javaspring_vpc"
          ]
        }
      ]
    },
    {
      "mode": "managed",
      "type": "aws_vpc",
      "name": "javaspring_vpc",
      "provider": "provider[\"registry.terraform.io/hashicorp/aws\"]",
      "instances": [
        {
          "schema_version": 1,
          "attributes": {
            "arn": "arn:aws:ec2:ap-south-1:396608789548:vpc/vpc-0b80f80418fa7a6fc",
            "assign_generated_ipv6_cidr_block": false,
            "cidr_block": "10.0.0.0/16",
            "default_network_acl_id": "acl-0fb1c545169aaaa37",
            "default_route_table_id": "rtb-0dc1d8f034b430fe4",
            "default_security_group_id": "sg-082aee1c5de03bb77",
            "dhcp_options_id": "dopt-05d4d74cffb8e4039",
            "enable_dns_hostnames": false,
            "enable_dns_support": true,
            "enable_network_address_usage_metrics": false,
            "id": "vpc-0b80f80418fa7a6fc",
            "instance_tenancy": "default",
            "ipv4_ipam_pool_id": null,
            "ipv4_netmask_length": null,
            "ipv6_association_id": "",
            "ipv6_cidr_block": "",
            "ipv6_cidr_block_network_border_group": "",
            "ipv6_ipam_pool_id": "",
            "ipv6_netmask_length": 0,
            "main_route_table_id": "rtb-0dc1d8f034b430fe4",
            "owner_id": "396608789548",
            "tags": {
              "Name": "javaspring-vpc"
            },
            "tags_all": {
              "Name": "javaspring-vpc"
            }
          },
          "sensitive_attributes": [],
          "private": "eyJzY2hlbWFfdmVyc2lvbiI6IjEifQ=="
        }
      ]
    }
  ],
  "check_results": null
}
