{
  "version": 4,
  "terraform_version": "1.10.3",
  "serial": 57,
  "lineage": "ddd248f3-f21b-f3f9-f904-b964246923bd",
  "outputs": {
    "cluster_id": {
      "value": "javaspring-cluster",
      "type": "string"
    },
    "node_group_id": {
      "value": "javaspring-cluster:javaspring-node-group",
      "type": "string"
    },
    "subnet_ids": {
      "value": [
        "subnet-018b0eeae5d9f9431",
        "subnet-00e52093408764a40"
      ],
      "type": [
        "tuple",
        [
          "string",
          "string"
        ]
      ]
    },
    "vpc_id": {
      "value": "vpc-0f79d6af36b12093c",
      "type": "string"
    }
  },
  "resources": [
    {
      "mode": "managed",
      "type": "aws_eks_cluster",
      "name": "javaspring",
      "provider": "provider[\"registry.terraform.io/hashicorp/aws\"]",
      "instances": [
        {
          "schema_version": 1,
          "attributes": {
            "access_config": [
              {
                "authentication_mode": "CONFIG_MAP",
                "bootstrap_cluster_creator_admin_permissions": true
              }
            ],
            "arn": "arn:aws:eks:ap-south-1:396608789548:cluster/javaspring-cluster",
            "bootstrap_self_managed_addons": true,
            "certificate_authority": [
              {
                "data": "LS0tLS1CRUdJTiBDRVJUSUZJQ0FURS0tLS0tCk1JSURCVENDQWUyZ0F3SUJBZ0lJSTZpNkgxTGVKSjR3RFFZSktvWklodmNOQVFFTEJRQXdGVEVUTUJFR0ExVUUKQXhNS2EzVmlaWEp1WlhSbGN6QWVGdzB5TkRFeU1qRXdNek16TURKYUZ3MHpOREV5TVRrd016TTRNREphTUJVeApFekFSQmdOVkJBTVRDbXQxWW1WeWJtVjBaWE13Z2dFaU1BMEdDU3FHU0liM0RRRUJBUVVBQTRJQkR3QXdnZ0VLCkFvSUJBUUNxbkwwM21YUDZTRERXMnJIeEhGU092S2J5c2h3YVFxczFaZjFKOWFCNEViYkpTeDVLVWtYRktlK3EKcjBwKzF3OVZPdDIzcklVNDgwNSt5QlI2Uy9Qc01xYW4wMG1BZ0lVbEZHVlEzQnB5NVpUbVl0blp4MUpmczFVVwovUGUvclJqNGZqWEVrUmRzNU51UXZzZkFMK281c2srZFk1WUN3Mm1CTEhUem9hQUQzMGRKczlrN0NzbDQrcHdyCjdjb2hOYVFqM2E0UEpLa2YrY0FpaWtoUldFcTNuZWM2L0NPd3hDWTdKYmZSZXVlR0lHRFp5c3dQcHJaSGxTKzcKVGZkdUJOUWc3RUF6a1NtWWl0WEJITE5vQWNTTWlxV3NmTldZcngxcGQzYmt6MDhoSUFNT1VReXJYbkV2L1ByNAp6ZHRveDJyWFpPTGdBZytZWVhlamI4dlhTclNwQWdNQkFBR2pXVEJYTUE0R0ExVWREd0VCL3dRRUF3SUNwREFQCkJnTlZIUk1CQWY4RUJUQURBUUgvTUIwR0ExVWREZ1FXQkJSTmNCZjFialVNZldMd1NoVTBnaXd0SEtwNEx6QVYKQmdOVkhSRUVEakFNZ2dwcmRXSmxjbTVsZEdWek1BMEdDU3FHU0liM0RRRUJDd1VBQTRJQkFRQ1NreHQwN2hSUApPeHBob3grbkdPK3hZa3ZxRlFseXgwdC9YMXRKVGE2TDNKdnhtUk1UV0JCVGZZL29uVHFhQ294YWxTeWR6UE5mClZwTXNxVERyT3IwQWtHRmtaZFVidlY5dFhxQkgzT1pOcW82SUprdjFud1oza3drL1RKbHBsMDFFSmtCN29OL3kKK1liUXQ0c2lTM2wyNVJmdDNUbytIN21ZNmZmNTRLdy9NMmF1Znl1YjRUeS8xdE81Y0plU09rYkRNZFdHNURuaApYR1VtZjk1TzRDUXFjM1A4ckQwTzhXeC91MXBnZnRVemIzUVpINno4VEN6ZjBUVVhjZE9tbTJ5YWEvZVN6aE9BCjBxdmp2TkhJTzVMK1NYdTlDd1JMMVFaRjF4S0pTMnlXWFJWOW8xeVZjY0VOT2tQN1hCWmJDZDhKNUtoN1dIb1kKT2hVUnRlR0hmRGRNCi0tLS0tRU5EIENFUlRJRklDQVRFLS0tLS0K"
              }
            ],
            "cluster_id": null,
            "compute_config": [],
            "created_at": "2024-12-21T03:34:13Z",
            "enabled_cluster_log_types": null,
            "encryption_config": [],
            "endpoint": "https://7B383F864A935CA5BC8889086935CAA5.gr7.ap-south-1.eks.amazonaws.com",
            "id": "javaspring-cluster",
            "identity": [
              {
                "oidc": [
                  {
                    "issuer": "https://oidc.eks.ap-south-1.amazonaws.com/id/7B383F864A935CA5BC8889086935CAA5"
                  }
                ]
              }
            ],
            "kubernetes_network_config": [
              {
                "elastic_load_balancing": [
                  {
                    "enabled": false
                  }
                ],
                "ip_family": "ipv4",
                "service_ipv4_cidr": "172.20.0.0/16",
                "service_ipv6_cidr": ""
              }
            ],
            "name": "javaspring-cluster",
            "outpost_config": [],
            "platform_version": "eks.15",
            "remote_network_config": [],
            "role_arn": "arn:aws:iam::396608789548:role/javaspring-cluster-role",
            "status": "ACTIVE",
            "storage_config": [],
            "tags": null,
            "tags_all": {},
            "timeouts": null,
            "upgrade_policy": [
              {
                "support_type": "EXTENDED"
              }
            ],
            "version": "1.31",
            "vpc_config": [
              {
                "cluster_security_group_id": "sg-086ac1d84367c6b66",
                "endpoint_private_access": false,
                "endpoint_public_access": true,
                "public_access_cidrs": [
                  "0.0.0.0/0"
                ],
                "security_group_ids": [
                  "sg-08fcc691f3ac6d4ac"
                ],
                "subnet_ids": [
                  "subnet-00e52093408764a40",
                  "subnet-018b0eeae5d9f9431"
                ],
                "vpc_id": "vpc-0f79d6af36b12093c"
              }
            ],
            "zonal_shift_config": []
          },
          "sensitive_attributes": [],
          "private": "eyJlMmJmYjczMC1lY2FhLTExZTYtOGY4OC0zNDM2M2JjN2M0YzAiOnsiY3JlYXRlIjoxODAwMDAwMDAwMDAwLCJkZWxldGUiOjkwMDAwMDAwMDAwMCwidXBkYXRlIjozNjAwMDAwMDAwMDAwfSwic2NoZW1hX3ZlcnNpb24iOiIxIn0=",
          "dependencies": [
            "aws_iam_role.javaspring_cluster_role",
            "aws_security_group.javaspring_cluster_sg",
            "aws_subnet.javaspring_subnet",
            "aws_vpc.javaspring_vpc"
          ]
        }
      ]
    },
    {
      "mode": "managed",
      "type": "aws_eks_node_group",
      "name": "javaspring",
      "provider": "provider[\"registry.terraform.io/hashicorp/aws\"]",
      "instances": [
        {
          "schema_version": 0,
          "attributes": {
            "ami_type": "AL2023_x86_64_STANDARD",
            "arn": "arn:aws:eks:ap-south-1:396608789548:nodegroup/javaspring-cluster/javaspring-node-group/10c9f3a6-9079-1a06-300f-03b53b743ef0",
            "capacity_type": "ON_DEMAND",
            "cluster_name": "javaspring-cluster",
            "disk_size": 20,
            "force_update_version": null,
            "id": "javaspring-cluster:javaspring-node-group",
            "instance_types": [
              "t3.medium"
            ],
            "labels": null,
            "launch_template": [],
            "node_group_name": "javaspring-node-group",
            "node_group_name_prefix": "",
            "node_role_arn": "arn:aws:iam::396608789548:role/javaspring-node-group-role",
            "release_version": "1.31.3-20241213",
            "remote_access": [
              {
                "ec2_ssh_key": "Java-Spring-App",
                "source_security_group_ids": [
                  "sg-0cc7467c0f2361b5e"
                ]
              }
            ],
            "resources": [
              {
                "autoscaling_groups": [
                  {
                    "name": "eks-javaspring-node-group-10c9f3a6-9079-1a06-300f-03b53b743ef0"
                  }
                ],
                "remote_access_security_group_id": "sg-0c2fbae6468eb5649"
              }
            ],
            "scaling_config": [
              {
                "desired_size": 2,
                "max_size": 3,
                "min_size": 1
              }
            ],
            "status": "ACTIVE",
            "subnet_ids": [
              "subnet-00e52093408764a40",
              "subnet-018b0eeae5d9f9431"
            ],
            "tags": null,
            "tags_all": {},
            "taint": [],
            "timeouts": null,
            "update_config": [
              {
                "max_unavailable": 1,
                "max_unavailable_percentage": 0
              }
            ],
            "version": "1.31"
          },
          "sensitive_attributes": [],
          "private": "eyJlMmJmYjczMC1lY2FhLTExZTYtOGY4OC0zNDM2M2JjN2M0YzAiOnsiY3JlYXRlIjozNjAwMDAwMDAwMDAwLCJkZWxldGUiOjM2MDAwMDAwMDAwMDAsInVwZGF0ZSI6MzYwMDAwMDAwMDAwMH19",
          "dependencies": [
            "aws_eks_cluster.javaspring",
            "aws_iam_role.javaspring_cluster_role",
            "aws_iam_role.javaspring_node_group_role",
            "aws_security_group.javaspring_cluster_sg",
            "aws_security_group.javaspring_node_sg",
            "aws_subnet.javaspring_subnet",
            "aws_vpc.javaspring_vpc"
          ]
        }
      ]
    },
    {
      "mode": "managed",
      "type": "aws_iam_role",
      "name": "javaspring_cluster_role",
      "provider": "provider[\"registry.terraform.io/hashicorp/aws\"]",
      "instances": [
        {
          "schema_version": 0,
          "attributes": {
            "arn": "arn:aws:iam::396608789548:role/javaspring-cluster-role",
            "assume_role_policy": "{\"Statement\":[{\"Action\":\"sts:AssumeRole\",\"Effect\":\"Allow\",\"Principal\":{\"Service\":\"eks.amazonaws.com\"}}],\"Version\":\"2012-10-17\"}",
            "create_date": "2024-12-21T03:34:00Z",
            "description": "",
            "force_detach_policies": false,
            "id": "javaspring-cluster-role",
            "inline_policy": [],
            "managed_policy_arns": [],
            "max_session_duration": 3600,
            "name": "javaspring-cluster-role",
            "name_prefix": "",
            "path": "/",
            "permissions_boundary": "",
            "tags": null,
            "tags_all": {},
            "unique_id": "AROAVYV5Z3QWMZEXC72C6"
          },
          "sensitive_attributes": [],
          "private": "bnVsbA=="
        }
      ]
    },
    {
      "mode": "managed",
      "type": "aws_iam_role",
      "name": "javaspring_node_group_role",
      "provider": "provider[\"registry.terraform.io/hashicorp/aws\"]",
      "instances": [
        {
          "schema_version": 0,
          "attributes": {
            "arn": "arn:aws:iam::396608789548:role/javaspring-node-group-role",
            "assume_role_policy": "{\"Statement\":[{\"Action\":\"sts:AssumeRole\",\"Effect\":\"Allow\",\"Principal\":{\"Service\":\"ec2.amazonaws.com\"}}],\"Version\":\"2012-10-17\"}",
            "create_date": "2024-12-21T03:34:00Z",
            "description": "",
            "force_detach_policies": false,
            "id": "javaspring-node-group-role",
            "inline_policy": [],
            "managed_policy_arns": [],
            "max_session_duration": 3600,
            "name": "javaspring-node-group-role",
            "name_prefix": "",
            "path": "/",
            "permissions_boundary": "",
            "tags": null,
            "tags_all": {},
            "unique_id": "AROAVYV5Z3QWPDDCYURJD"
          },
          "sensitive_attributes": [],
          "private": "bnVsbA=="
        }
      ]
    },
    {
      "mode": "managed",
      "type": "aws_iam_role_policy_attachment",
      "name": "javaspring_cluster_role_policy",
      "provider": "provider[\"registry.terraform.io/hashicorp/aws\"]",
      "instances": [
        {
          "schema_version": 0,
          "attributes": {
            "id": "javaspring-cluster-role-20241221033401820800000004",
            "policy_arn": "arn:aws:iam::aws:policy/AmazonEKSClusterPolicy",
            "role": "javaspring-cluster-role"
          },
          "sensitive_attributes": [],
          "private": "bnVsbA==",
          "dependencies": [
            "aws_iam_role.javaspring_cluster_role"
          ]
        }
      ]
    },
    {
      "mode": "managed",
      "type": "aws_iam_role_policy_attachment",
      "name": "javaspring_node_group_cni_policy",
      "provider": "provider[\"registry.terraform.io/hashicorp/aws\"]",
      "instances": [
        {
          "schema_version": 0,
          "attributes": {
            "id": "javaspring-node-group-role-20241221033402199700000007",
            "policy_arn": "arn:aws:iam::aws:policy/AmazonEKS_CNI_Policy",
            "role": "javaspring-node-group-role"
          },
          "sensitive_attributes": [],
          "private": "bnVsbA==",
          "dependencies": [
            "aws_iam_role.javaspring_node_group_role"
          ]
        }
      ]
    },
    {
      "mode": "managed",
      "type": "aws_iam_role_policy_attachment",
      "name": "javaspring_node_group_registry_policy",
      "provider": "provider[\"registry.terraform.io/hashicorp/aws\"]",
      "instances": [
        {
          "schema_version": 0,
          "attributes": {
            "id": "javaspring-node-group-role-20241221033401888600000005",
            "policy_arn": "arn:aws:iam::aws:policy/AmazonEC2ContainerRegistryReadOnly",
            "role": "javaspring-node-group-role"
          },
          "sensitive_attributes": [],
          "private": "bnVsbA==",
          "dependencies": [
            "aws_iam_role.javaspring_node_group_role"
          ]
        }
      ]
    },
    {
      "mode": "managed",
      "type": "aws_iam_role_policy_attachment",
      "name": "javaspring_node_group_role_policy",
      "provider": "provider[\"registry.terraform.io/hashicorp/aws\"]",
      "instances": [
        {
          "schema_version": 0,
          "attributes": {
            "id": "javaspring-node-group-role-20241221033402140700000006",
            "policy_arn": "arn:aws:iam::aws:policy/AmazonEKSWorkerNodePolicy",
            "role": "javaspring-node-group-role"
          },
          "sensitive_attributes": [],
          "private": "bnVsbA==",
          "dependencies": [
            "aws_iam_role.javaspring_node_group_role"
          ]
        }
      ]
    },
    {
      "mode": "managed",
      "type": "aws_internet_gateway",
      "name": "javaspring_igw",
      "provider": "provider[\"registry.terraform.io/hashicorp/aws\"]",
      "instances": [
        {
          "schema_version": 0,
          "attributes": {
            "arn": "arn:aws:ec2:ap-south-1:396608789548:internet-gateway/igw-0edc4bef23b223af8",
            "id": "igw-0edc4bef23b223af8",
            "owner_id": "396608789548",
            "tags": {
              "Name": "javaspring-igw"
            },
            "tags_all": {
              "Name": "javaspring-igw"
            },
            "timeouts": null,
            "vpc_id": "vpc-0f79d6af36b12093c"
          },
          "sensitive_attributes": [],
          "private": "eyJlMmJmYjczMC1lY2FhLTExZTYtOGY4OC0zNDM2M2JjN2M0YzAiOnsiY3JlYXRlIjoxMjAwMDAwMDAwMDAwLCJkZWxldGUiOjEyMDAwMDAwMDAwMDAsInVwZGF0ZSI6MTIwMDAwMDAwMDAwMH19",
          "dependencies": [
            "aws_vpc.javaspring_vpc"
          ]
        }
      ]
    },
    {
      "mode": "managed",
      "type": "aws_route_table",
      "name": "javaspring_route_table",
      "provider": "provider[\"registry.terraform.io/hashicorp/aws\"]",
      "instances": [
        {
          "schema_version": 0,
          "attributes": {
            "arn": "arn:aws:ec2:ap-south-1:396608789548:route-table/rtb-0f3138791b5454053",
            "id": "rtb-0f3138791b5454053",
            "owner_id": "396608789548",
            "propagating_vgws": [],
            "route": [
              {
                "carrier_gateway_id": "",
                "cidr_block": "0.0.0.0/0",
                "core_network_arn": "",
                "destination_prefix_list_id": "",
                "egress_only_gateway_id": "",
                "gateway_id": "igw-0edc4bef23b223af8",
                "ipv6_cidr_block": "",
                "local_gateway_id": "",
                "nat_gateway_id": "",
                "network_interface_id": "",
                "transit_gateway_id": "",
                "vpc_endpoint_id": "",
                "vpc_peering_connection_id": ""
              }
            ],
            "tags": {
              "Name": "javaspring-route-table"
            },
            "tags_all": {
              "Name": "javaspring-route-table"
            },
            "timeouts": null,
            "vpc_id": "vpc-0f79d6af36b12093c"
          },
          "sensitive_attributes": [],
          "private": "eyJlMmJmYjczMC1lY2FhLTExZTYtOGY4OC0zNDM2M2JjN2M0YzAiOnsiY3JlYXRlIjozMDAwMDAwMDAwMDAsImRlbGV0ZSI6MzAwMDAwMDAwMDAwLCJ1cGRhdGUiOjEyMDAwMDAwMDAwMH19",
          "dependencies": [
            "aws_internet_gateway.javaspring_igw",
            "aws_vpc.javaspring_vpc"
          ]
        }
      ]
    },
    {
      "mode": "managed",
      "type": "aws_route_table_association",
      "name": "a",
      "provider": "provider[\"registry.terraform.io/hashicorp/aws\"]",
      "instances": [
        {
          "index_key": 0,
          "schema_version": 0,
          "attributes": {
            "gateway_id": "",
            "id": "rtbassoc-084f9ce3798611013",
            "route_table_id": "rtb-0f3138791b5454053",
            "subnet_id": "subnet-018b0eeae5d9f9431",
            "timeouts": null
          },
          "sensitive_attributes": [],
          "private": "eyJlMmJmYjczMC1lY2FhLTExZTYtOGY4OC0zNDM2M2JjN2M0YzAiOnsiY3JlYXRlIjozMDAwMDAwMDAwMDAsImRlbGV0ZSI6MzAwMDAwMDAwMDAwLCJ1cGRhdGUiOjEyMDAwMDAwMDAwMH19",
          "dependencies": [
            "aws_internet_gateway.javaspring_igw",
            "aws_route_table.javaspring_route_table",
            "aws_subnet.javaspring_subnet",
            "aws_vpc.javaspring_vpc"
          ]
        },
        {
          "index_key": 1,
          "schema_version": 0,
          "attributes": {
            "gateway_id": "",
            "id": "rtbassoc-09241a3c318a6c8c8",
            "route_table_id": "rtb-0f3138791b5454053",
            "subnet_id": "subnet-00e52093408764a40",
            "timeouts": null
          },
          "sensitive_attributes": [],
          "private": "eyJlMmJmYjczMC1lY2FhLTExZTYtOGY4OC0zNDM2M2JjN2M0YzAiOnsiY3JlYXRlIjozMDAwMDAwMDAwMDAsImRlbGV0ZSI6MzAwMDAwMDAwMDAwLCJ1cGRhdGUiOjEyMDAwMDAwMDAwMH19",
          "dependencies": [
            "aws_internet_gateway.javaspring_igw",
            "aws_route_table.javaspring_route_table",
            "aws_subnet.javaspring_subnet",
            "aws_vpc.javaspring_vpc"
          ]
        }
      ]
    },
    {
      "mode": "managed",
      "type": "aws_security_group",
      "name": "javaspring_cluster_sg",
      "provider": "provider[\"registry.terraform.io/hashicorp/aws\"]",
      "instances": [
        {
          "schema_version": 1,
          "attributes": {
            "arn": "arn:aws:ec2:ap-south-1:396608789548:security-group/sg-08fcc691f3ac6d4ac",
            "description": "Managed by Terraform",
            "egress": [
              {
                "cidr_blocks": [
                  "0.0.0.0/0"
                ],
                "description": "",
                "from_port": 0,
                "ipv6_cidr_blocks": [],
                "prefix_list_ids": [],
                "protocol": "-1",
                "security_groups": [],
                "self": false,
                "to_port": 0
              }
            ],
            "id": "sg-08fcc691f3ac6d4ac",
            "ingress": [],
            "name": "terraform-20241221033400943000000002",
            "name_prefix": "terraform-",
            "owner_id": "396608789548",
            "revoke_rules_on_delete": false,
            "tags": {
              "Name": "javaspring-cluster-sg"
            },
            "tags_all": {
              "Name": "javaspring-cluster-sg"
            },
            "timeouts": null,
            "vpc_id": "vpc-0f79d6af36b12093c"
          },
          "sensitive_attributes": [],
          "private": "eyJlMmJmYjczMC1lY2FhLTExZTYtOGY4OC0zNDM2M2JjN2M0YzAiOnsiY3JlYXRlIjo2MDAwMDAwMDAwMDAsImRlbGV0ZSI6OTAwMDAwMDAwMDAwfSwic2NoZW1hX3ZlcnNpb24iOiIxIn0=",
          "dependencies": [
            "aws_vpc.javaspring_vpc"
          ]
        }
      ]
    },
    {
      "mode": "managed",
      "type": "aws_security_group",
      "name": "javaspring_node_sg",
      "provider": "provider[\"registry.terraform.io/hashicorp/aws\"]",
      "instances": [
        {
          "schema_version": 1,
          "attributes": {
            "arn": "arn:aws:ec2:ap-south-1:396608789548:security-group/sg-0cc7467c0f2361b5e",
            "description": "Managed by Terraform",
            "egress": [
              {
                "cidr_blocks": [
                  "0.0.0.0/0"
                ],
                "description": "",
                "from_port": 0,
                "ipv6_cidr_blocks": [],
                "prefix_list_ids": [],
                "protocol": "-1",
                "security_groups": [],
                "self": false,
                "to_port": 0
              }
            ],
            "id": "sg-0cc7467c0f2361b5e",
            "ingress": [
              {
                "cidr_blocks": [
                  "0.0.0.0/0"
                ],
                "description": "",
                "from_port": 0,
                "ipv6_cidr_blocks": [],
                "prefix_list_ids": [],
                "protocol": "-1",
                "security_groups": [],
                "self": false,
                "to_port": 0
              }
            ],
            "name": "terraform-20241221033400939800000001",
            "name_prefix": "terraform-",
            "owner_id": "396608789548",
            "revoke_rules_on_delete": false,
            "tags": {
              "Name": "javaspring-node-sg"
            },
            "tags_all": {
              "Name": "javaspring-node-sg"
            },
            "timeouts": null,
            "vpc_id": "vpc-0f79d6af36b12093c"
          },
          "sensitive_attributes": [],
          "private": "eyJlMmJmYjczMC1lY2FhLTExZTYtOGY4OC0zNDM2M2JjN2M0YzAiOnsiY3JlYXRlIjo2MDAwMDAwMDAwMDAsImRlbGV0ZSI6OTAwMDAwMDAwMDAwfSwic2NoZW1hX3ZlcnNpb24iOiIxIn0=",
          "dependencies": [
            "aws_vpc.javaspring_vpc"
          ]
        }
      ]
    },
    {
      "mode": "managed",
      "type": "aws_subnet",
      "name": "javaspring_subnet",
      "provider": "provider[\"registry.terraform.io/hashicorp/aws\"]",
      "instances": [
        {
          "index_key": 0,
          "schema_version": 1,
          "attributes": {
            "arn": "arn:aws:ec2:ap-south-1:396608789548:subnet/subnet-018b0eeae5d9f9431",
            "assign_ipv6_address_on_creation": false,
            "availability_zone": "ap-south-1a",
            "availability_zone_id": "aps1-az1",
            "cidr_block": "10.0.0.0/24",
            "customer_owned_ipv4_pool": "",
            "enable_dns64": false,
            "enable_lni_at_device_index": 0,
            "enable_resource_name_dns_a_record_on_launch": false,
            "enable_resource_name_dns_aaaa_record_on_launch": false,
            "id": "subnet-018b0eeae5d9f9431",
            "ipv6_cidr_block": "",
            "ipv6_cidr_block_association_id": "",
            "ipv6_native": false,
            "map_customer_owned_ip_on_launch": false,
            "map_public_ip_on_launch": true,
            "outpost_arn": "",
            "owner_id": "396608789548",
            "private_dns_hostname_type_on_launch": "ip-name",
            "tags": {
              "Name": "javaspring-subnet-0"
            },
            "tags_all": {
              "Name": "javaspring-subnet-0"
            },
            "timeouts": null,
            "vpc_id": "vpc-0f79d6af36b12093c"
          },
          "sensitive_attributes": [],
          "private": "eyJlMmJmYjczMC1lY2FhLTExZTYtOGY4OC0zNDM2M2JjN2M0YzAiOnsiY3JlYXRlIjo2MDAwMDAwMDAwMDAsImRlbGV0ZSI6MTIwMDAwMDAwMDAwMH0sInNjaGVtYV92ZXJzaW9uIjoiMSJ9",
          "dependencies": [
            "aws_vpc.javaspring_vpc"
          ]
        },
        {
          "index_key": 1,
          "schema_version": 1,
          "attributes": {
            "arn": "arn:aws:ec2:ap-south-1:396608789548:subnet/subnet-00e52093408764a40",
            "assign_ipv6_address_on_creation": false,
            "availability_zone": "ap-south-1b",
            "availability_zone_id": "aps1-az3",
            "cidr_block": "10.0.1.0/24",
            "customer_owned_ipv4_pool": "",
            "enable_dns64": false,
            "enable_lni_at_device_index": 0,
            "enable_resource_name_dns_a_record_on_launch": false,
            "enable_resource_name_dns_aaaa_record_on_launch": false,
            "id": "subnet-00e52093408764a40",
            "ipv6_cidr_block": "",
            "ipv6_cidr_block_association_id": "",
            "ipv6_native": false,
            "map_customer_owned_ip_on_launch": false,
            "map_public_ip_on_launch": true,
            "outpost_arn": "",
            "owner_id": "396608789548",
            "private_dns_hostname_type_on_launch": "ip-name",
            "tags": {
              "Name": "javaspring-subnet-1"
            },
            "tags_all": {
              "Name": "javaspring-subnet-1"
            },
            "timeouts": null,
            "vpc_id": "vpc-0f79d6af36b12093c"
          },
          "sensitive_attributes": [],
          "private": "eyJlMmJmYjczMC1lY2FhLTExZTYtOGY4OC0zNDM2M2JjN2M0YzAiOnsiY3JlYXRlIjo2MDAwMDAwMDAwMDAsImRlbGV0ZSI6MTIwMDAwMDAwMDAwMH0sInNjaGVtYV92ZXJzaW9uIjoiMSJ9",
          "dependencies": [
            "aws_vpc.javaspring_vpc"
          ]
        }
      ]
    },
    {
      "mode": "managed",
      "type": "aws_vpc",
      "name": "javaspring_vpc",
      "provider": "provider[\"registry.terraform.io/hashicorp/aws\"]",
      "instances": [
        {
          "schema_version": 1,
          "attributes": {
            "arn": "arn:aws:ec2:ap-south-1:396608789548:vpc/vpc-0f79d6af36b12093c",
            "assign_generated_ipv6_cidr_block": false,
            "cidr_block": "10.0.0.0/16",
            "default_network_acl_id": "acl-0c1fb6b108cd3da2b",
            "default_route_table_id": "rtb-021af34f0806b657a",
            "default_security_group_id": "sg-0bb0776ed7babcb9d",
            "dhcp_options_id": "dopt-05d4d74cffb8e4039",
            "enable_dns_hostnames": false,
            "enable_dns_support": true,
            "enable_network_address_usage_metrics": false,
            "id": "vpc-0f79d6af36b12093c",
            "instance_tenancy": "default",
            "ipv4_ipam_pool_id": null,
            "ipv4_netmask_length": null,
            "ipv6_association_id": "",
            "ipv6_cidr_block": "",
            "ipv6_cidr_block_network_border_group": "",
            "ipv6_ipam_pool_id": "",
            "ipv6_netmask_length": 0,
            "main_route_table_id": "rtb-021af34f0806b657a",
            "owner_id": "396608789548",
            "tags": {
              "Name": "javaspring-vpc"
            },
            "tags_all": {
              "Name": "javaspring-vpc"
            }
          },
          "sensitive_attributes": [],
          "private": "eyJzY2hlbWFfdmVyc2lvbiI6IjEifQ=="
        }
      ]
    }
  ],
  "check_results": null
}
